
Microsoft Visual Studio Solution File, Format Version 12.00
Project("{FAE04EC0-301F-11D3-BF4B-00C04F79EFBC}") = "HanjieSharp", "HanjieSharp\HanjieSharp.csproj", "{03E9208F-B207-47B2-979A-193F6A16B413}"
EndProject
Project("{FAE04EC0-301F-11D3-BF4B-00C04F79EFBC}") = "HanjieSharp.Tests", "HanjieSharp.Tests\HanjieSharp.Tests.csproj", "{89A4A605-5B39-4D50-BD6A-7C315AF93FC4}"
EndProject
Global
	GlobalSection(SolutionConfigurationPlatforms) = preSolution
		Debug|Any CPU = Debug|Any CPU
		Release|Any CPU = Release|Any CPU
	EndGlobalSection
	GlobalSection(ProjectConfigurationPlatforms) = postSolution
		{03E9208F-B207-47B2-979A-193F6A16B413}.Debug|Any CPU.ActiveCfg = Debug|Any CPU
		{03E9208F-B207-47B2-979A-193F6A16B413}.Debug|Any CPU.Build.0 = Debug|Any CPU
		{03E9208F-B207-47B2-979A-193F6A16B413}.Release|Any CPU.ActiveCfg = Release|Any CPU
		{03E9208F-B207-47B2-979A-193F6A16B413}.Release|Any CPU.Build.0 = Release|Any CPU
		{89A4A605-5B39-4D50-BD6A-7C315AF93FC4}.Debug|Any CPU.ActiveCfg = Debug|Any CPU
		{89A4A605-5B39-4D50-BD6A-7C315AF93FC4}.Debug|Any CPU.Build.0 = Debug|Any CPU
		{89A4A605-5B39-4D50-BD6A-7C315AF93FC4}.Release|Any CPU.ActiveCfg = Release|Any CPU
		{89A4A605-5B39-4D50-BD6A-7C315AF93FC4}.Release|Any CPU.Build.0 = Release|Any CPU
	EndGlobalSection
EndGlobal
